
Microsoft Visual Studio Solution File, Format Version 12.00
# Visual Studio Version 16
VisualStudioVersion = 16.0.31112.23
MinimumVisualStudioVersion = 10.0.40219.1
Project("{FAE04EC0-301F-11D3-BF4B-00C04F79EFBC}") = "Bilka v2.0", "SomeLibrary\Bilka v2.0.csproj", "{A9CE33B3-E167-4994-9ECC-DD8D99236DF7}"
EndProject
Project("{FAE04EC0-301F-11D3-BF4B-00C04F79EFBC}") = "Client", "SomeConsoleApp\Client.csproj", "{81E666F5-12F6-47C6-93EA-E935109A8F77}"
EndProject
Project("{FAE04EC0-301F-11D3-BF4B-00C04F79EFBC}") = "Bilka.Test.Unit", "SomeTestProject\Bilka.Test.Unit.csproj", "{C9AD0423-AD59-4538-B8B0-16DFD48E53BF}"
EndProject
Global
	GlobalSection(SolutionConfigurationPlatforms) = preSolution
		Debug|Any CPU = Debug|Any CPU
		Release|Any CPU = Release|Any CPU
	EndGlobalSection
	GlobalSection(ProjectConfigurationPlatforms) = postSolution
		{A9CE33B3-E167-4994-9ECC-DD8D99236DF7}.Debug|Any CPU.ActiveCfg = Debug|Any CPU
		{A9CE33B3-E167-4994-9ECC-DD8D99236DF7}.Debug|Any CPU.Build.0 = Debug|Any CPU
		{A9CE33B3-E167-4994-9ECC-DD8D99236DF7}.Release|Any CPU.ActiveCfg = Release|Any CPU
		{A9CE33B3-E167-4994-9ECC-DD8D99236DF7}.Release|Any CPU.Build.0 = Release|Any CPU
		{81E666F5-12F6-47C6-93EA-E935109A8F77}.Debug|Any CPU.ActiveCfg = Debug|Any CPU
		{81E666F5-12F6-47C6-93EA-E935109A8F77}.Debug|Any CPU.Build.0 = Debug|Any CPU
		{81E666F5-12F6-47C6-93EA-E935109A8F77}.Release|Any CPU.ActiveCfg = Release|Any CPU
		{81E666F5-12F6-47C6-93EA-E935109A8F77}.Release|Any CPU.Build.0 = Release|Any CPU
		{C9AD0423-AD59-4538-B8B0-16DFD48E53BF}.Debug|Any CPU.ActiveCfg = Debug|Any CPU
		{C9AD0423-AD59-4538-B8B0-16DFD48E53BF}.Debug|Any CPU.Build.0 = Debug|Any CPU
		{C9AD0423-AD59-4538-B8B0-16DFD48E53BF}.Release|Any CPU.ActiveCfg = Release|Any CPU
		{C9AD0423-AD59-4538-B8B0-16DFD48E53BF}.Release|Any CPU.Build.0 = Release|Any CPU
	EndGlobalSection
	GlobalSection(SolutionProperties) = preSolution
		HideSolutionNode = FALSE
	EndGlobalSection
	GlobalSection(ExtensibilityGlobals) = postSolution
		SolutionGuid = {337CB183-11CD-4A2E-BBF0-0BF474A0CC07}
	EndGlobalSection
EndGlobal
